
Microsoft Visual Studio Solution File, Format Version 12.00
# Visual Studio Version 17
VisualStudioVersion = 17.7.34221.43
MinimumVisualStudioVersion = 10.0.40219.1
Project("{FAE04EC0-301F-11D3-BF4B-00C04F79EFBC}") = "demoapp", "demoapp\demoapp.csproj", "{6B9A5AA5-0A9B-40D8-84CD-C8143EF5D8C6}"
EndProject
Project("{FAE04EC0-301F-11D3-BF4B-00C04F79EFBC}") = "bc.upgradable", "bc.upgradable\bc.upgradable.csproj", "{A8575B5F-DF92-4BDD-B158-0454460BAB2D}"
EndProject
Global
	GlobalSection(SolutionConfigurationPlatforms) = preSolution
		Debug|Any CPU = Debug|Any CPU
		Release|Any CPU = Release|Any CPU
	EndGlobalSection
	GlobalSection(ProjectConfigurationPlatforms) = postSolution
		{6B9A5AA5-0A9B-40D8-84CD-C8143EF5D8C6}.Debug|Any CPU.ActiveCfg = Debug|Any CPU
		{6B9A5AA5-0A9B-40D8-84CD-C8143EF5D8C6}.Debug|Any CPU.Build.0 = Debug|Any CPU
		{6B9A5AA5-0A9B-40D8-84CD-C8143EF5D8C6}.Release|Any CPU.ActiveCfg = Release|Any CPU
		{6B9A5AA5-0A9B-40D8-84CD-C8143EF5D8C6}.Release|Any CPU.Build.0 = Release|Any CPU
		{A8575B5F-DF92-4BDD-B158-0454460BAB2D}.Debug|Any CPU.ActiveCfg = Debug|Any CPU
		{A8575B5F-DF92-4BDD-B158-0454460BAB2D}.Debug|Any CPU.Build.0 = Debug|Any CPU
		{A8575B5F-DF92-4BDD-B158-0454460BAB2D}.Release|Any CPU.ActiveCfg = Release|Any CPU
		{A8575B5F-DF92-4BDD-B158-0454460BAB2D}.Release|Any CPU.Build.0 = Release|Any CPU
	EndGlobalSection
	GlobalSection(SolutionProperties) = preSolution
		HideSolutionNode = FALSE
	EndGlobalSection
	GlobalSection(ExtensibilityGlobals) = postSolution
		SolutionGuid = {02E72C8E-87AF-4B5E-B957-3E57768A81F5}
	EndGlobalSection
EndGlobal
